
Microsoft Visual Studio Solution File, Format Version 12.00
# Visual Studio Version 17
VisualStudioVersion = 17.8.34309.116
MinimumVisualStudioVersion = 10.0.40219.1
Project("{2150E333-8FDC-42A3-9474-1A3956D46DE8}") = "Solution Items", "Solution Items", "{EC5E1027-1699-4F17-A12A-916F4E325B8C}"
	ProjectSection(SolutionItems) = preProject
		README.md = README.md
	EndProjectSection
EndProject
Project("{FAE04EC0-301F-11D3-BF4B-00C04F79EFBC}") = "SimplyCleanArchitecture.Api", "SimplyCleanArchitecture.Api\SimplyCleanArchitecture.Api.csproj", "{97BA8326-EA21-4D9A-A1A3-AD6BE8D0E3CC}"
EndProject
Project("{FAE04EC0-301F-11D3-BF4B-00C04F79EFBC}") = "SimplyCleanArchitecture.Domain", "src\SimplyCleanArchitecture.Domain\SimplyCleanArchitecture.Domain.csproj", "{3CA974F8-DE9A-4B31-9508-B8810C4CE61D}"
EndProject
Project("{FAE04EC0-301F-11D3-BF4B-00C04F79EFBC}") = "SimplyCleanArchitecture.Infrastructure", "SimplyCleanArchitecture.Infrastructure\SimplyCleanArchitecture.Infrastructure.csproj", "{685D60F9-82D1-4369-8994-28D48BD22716}"
EndProject
Project("{FAE04EC0-301F-11D3-BF4B-00C04F79EFBC}") = "SimplyCleanArchitecture.Presentation", "SimplyCleanArchitecture.Presentation\SimplyCleanArchitecture.Presentation.csproj", "{F730F9E3-EF27-4BDE-B83C-8A4913B99B3F}"
EndProject
Project("{FAE04EC0-301F-11D3-BF4B-00C04F79EFBC}") = "SimplyCleanArchitecture.Application", "src\SimplyCleanArchitecture.Application\SimplyCleanArchitecture.Application.csproj", "{5432D54F-97C2-4D09-8DCB-E04EDCC9A783}"
EndProject
Global
	GlobalSection(SolutionConfigurationPlatforms) = preSolution
		Debug|Any CPU = Debug|Any CPU
		Release|Any CPU = Release|Any CPU
	EndGlobalSection
	GlobalSection(ProjectConfigurationPlatforms) = postSolution
		{97BA8326-EA21-4D9A-A1A3-AD6BE8D0E3CC}.Debug|Any CPU.ActiveCfg = Debug|Any CPU
		{97BA8326-EA21-4D9A-A1A3-AD6BE8D0E3CC}.Debug|Any CPU.Build.0 = Debug|Any CPU
		{97BA8326-EA21-4D9A-A1A3-AD6BE8D0E3CC}.Release|Any CPU.ActiveCfg = Release|Any CPU
		{97BA8326-EA21-4D9A-A1A3-AD6BE8D0E3CC}.Release|Any CPU.Build.0 = Release|Any CPU
		{3CA974F8-DE9A-4B31-9508-B8810C4CE61D}.Debug|Any CPU.ActiveCfg = Debug|Any CPU
		{3CA974F8-DE9A-4B31-9508-B8810C4CE61D}.Debug|Any CPU.Build.0 = Debug|Any CPU
		{3CA974F8-DE9A-4B31-9508-B8810C4CE61D}.Release|Any CPU.ActiveCfg = Release|Any CPU
		{3CA974F8-DE9A-4B31-9508-B8810C4CE61D}.Release|Any CPU.Build.0 = Release|Any CPU
		{685D60F9-82D1-4369-8994-28D48BD22716}.Debug|Any CPU.ActiveCfg = Debug|Any CPU
		{685D60F9-82D1-4369-8994-28D48BD22716}.Debug|Any CPU.Build.0 = Debug|Any CPU
		{685D60F9-82D1-4369-8994-28D48BD22716}.Release|Any CPU.ActiveCfg = Release|Any CPU
		{685D60F9-82D1-4369-8994-28D48BD22716}.Release|Any CPU.Build.0 = Release|Any CPU
		{F730F9E3-EF27-4BDE-B83C-8A4913B99B3F}.Debug|Any CPU.ActiveCfg = Debug|Any CPU
		{F730F9E3-EF27-4BDE-B83C-8A4913B99B3F}.Debug|Any CPU.Build.0 = Debug|Any CPU
		{F730F9E3-EF27-4BDE-B83C-8A4913B99B3F}.Release|Any CPU.ActiveCfg = Release|Any CPU
		{F730F9E3-EF27-4BDE-B83C-8A4913B99B3F}.Release|Any CPU.Build.0 = Release|Any CPU
		{5432D54F-97C2-4D09-8DCB-E04EDCC9A783}.Debug|Any CPU.ActiveCfg = Debug|Any CPU
		{5432D54F-97C2-4D09-8DCB-E04EDCC9A783}.Debug|Any CPU.Build.0 = Debug|Any CPU
		{5432D54F-97C2-4D09-8DCB-E04EDCC9A783}.Release|Any CPU.ActiveCfg = Release|Any CPU
		{5432D54F-97C2-4D09-8DCB-E04EDCC9A783}.Release|Any CPU.Build.0 = Release|Any CPU
	EndGlobalSection
	GlobalSection(SolutionProperties) = preSolution
		HideSolutionNode = FALSE
	EndGlobalSection
	GlobalSection(ExtensibilityGlobals) = postSolution
		SolutionGuid = {E58792A2-B988-483D-9A3C-F775D27A8405}
	EndGlobalSection
EndGlobal
