
Microsoft Visual Studio Solution File, Format Version 12.00
# Visual Studio Version 17
VisualStudioVersion = 17.8.34309.116
MinimumVisualStudioVersion = 10.0.40219.1
Project("{2150E333-8FDC-42A3-9474-1A3956D46DE8}") = "Solution Items", "Solution Items", "{EC5E1027-1699-4F17-A12A-916F4E325B8C}"
	ProjectSection(SolutionItems) = preProject
		README.md = README.md
	EndProjectSection
EndProject
Project("{2150E333-8FDC-42A3-9474-1A3956D46DE8}") = "src", "src", "{495DAC3C-E458-4EE9-B97B-6D2E6A0A63FB}"
EndProject
Project("{9A19103F-16F7-4668-BE54-9A1E7A4F7556}") = "SimplyCleanArchitecture.Domain", "src\SimplyCleanArchitecture.Domain\SimplyCleanArchitecture.Domain.csproj", "{319C4F2A-85A6-4910-84A5-1B7D357FA971}"
EndProject
Project("{9A19103F-16F7-4668-BE54-9A1E7A4F7556}") = "SimplyCleanArchitecture.Api", "src\SimplyCleanArchitecture.Api\SimplyCleanArchitecture.Api.csproj", "{3C31C4CB-6830-4B47-B608-E8FC2D6AF631}"
EndProject
Project("{FAE04EC0-301F-11D3-BF4B-00C04F79EFBC}") = "SimplyCleanArchitecture.Application", "src\SimplyCleanArchitecture.Application\SimplyCleanArchitecture.Application.csproj", "{3990877D-4439-409A-B848-0FE2E1F2623B}"
EndProject
Project("{FAE04EC0-301F-11D3-BF4B-00C04F79EFBC}") = "SimplyCleanArchitecture.Infrastructure", "src\SimplyCleanArchitecture.Infrastructure\SimplyCleanArchitecture.Infrastructure.csproj", "{8624BCCB-FFA0-4619-8E18-B9C714A5CD9E}"
EndProject
Project("{FAE04EC0-301F-11D3-BF4B-00C04F79EFBC}") = "SimplyCleanArchitecture.Presentation", "src\SimplyCleanArchitecture.Presentation\SimplyCleanArchitecture.Presentation.csproj", "{0DDAFF0B-8CC6-4765-94FD-4E41A921F708}"
EndProject
Global
	GlobalSection(SolutionConfigurationPlatforms) = preSolution
		Debug|Any CPU = Debug|Any CPU
		Release|Any CPU = Release|Any CPU
	EndGlobalSection
	GlobalSection(ProjectConfigurationPlatforms) = postSolution
		{319C4F2A-85A6-4910-84A5-1B7D357FA971}.Debug|Any CPU.ActiveCfg = Debug|Any CPU
		{319C4F2A-85A6-4910-84A5-1B7D357FA971}.Debug|Any CPU.Build.0 = Debug|Any CPU
		{319C4F2A-85A6-4910-84A5-1B7D357FA971}.Release|Any CPU.ActiveCfg = Release|Any CPU
		{319C4F2A-85A6-4910-84A5-1B7D357FA971}.Release|Any CPU.Build.0 = Release|Any CPU
		{3C31C4CB-6830-4B47-B608-E8FC2D6AF631}.Debug|Any CPU.ActiveCfg = Debug|Any CPU
		{3C31C4CB-6830-4B47-B608-E8FC2D6AF631}.Debug|Any CPU.Build.0 = Debug|Any CPU
		{3C31C4CB-6830-4B47-B608-E8FC2D6AF631}.Release|Any CPU.ActiveCfg = Release|Any CPU
		{3C31C4CB-6830-4B47-B608-E8FC2D6AF631}.Release|Any CPU.Build.0 = Release|Any CPU
		{3990877D-4439-409A-B848-0FE2E1F2623B}.Debug|Any CPU.ActiveCfg = Debug|Any CPU
		{3990877D-4439-409A-B848-0FE2E1F2623B}.Debug|Any CPU.Build.0 = Debug|Any CPU
		{3990877D-4439-409A-B848-0FE2E1F2623B}.Release|Any CPU.ActiveCfg = Release|Any CPU
		{3990877D-4439-409A-B848-0FE2E1F2623B}.Release|Any CPU.Build.0 = Release|Any CPU
		{8624BCCB-FFA0-4619-8E18-B9C714A5CD9E}.Debug|Any CPU.ActiveCfg = Debug|Any CPU
		{8624BCCB-FFA0-4619-8E18-B9C714A5CD9E}.Debug|Any CPU.Build.0 = Debug|Any CPU
		{8624BCCB-FFA0-4619-8E18-B9C714A5CD9E}.Release|Any CPU.ActiveCfg = Release|Any CPU
		{8624BCCB-FFA0-4619-8E18-B9C714A5CD9E}.Release|Any CPU.Build.0 = Release|Any CPU
		{0DDAFF0B-8CC6-4765-94FD-4E41A921F708}.Debug|Any CPU.ActiveCfg = Debug|Any CPU
		{0DDAFF0B-8CC6-4765-94FD-4E41A921F708}.Debug|Any CPU.Build.0 = Debug|Any CPU
		{0DDAFF0B-8CC6-4765-94FD-4E41A921F708}.Release|Any CPU.ActiveCfg = Release|Any CPU
		{0DDAFF0B-8CC6-4765-94FD-4E41A921F708}.Release|Any CPU.Build.0 = Release|Any CPU
	EndGlobalSection
	GlobalSection(SolutionProperties) = preSolution
		HideSolutionNode = FALSE
	EndGlobalSection
	GlobalSection(NestedProjects) = preSolution
		{319C4F2A-85A6-4910-84A5-1B7D357FA971} = {495DAC3C-E458-4EE9-B97B-6D2E6A0A63FB}
		{3C31C4CB-6830-4B47-B608-E8FC2D6AF631} = {495DAC3C-E458-4EE9-B97B-6D2E6A0A63FB}
		{3990877D-4439-409A-B848-0FE2E1F2623B} = {495DAC3C-E458-4EE9-B97B-6D2E6A0A63FB}
		{8624BCCB-FFA0-4619-8E18-B9C714A5CD9E} = {495DAC3C-E458-4EE9-B97B-6D2E6A0A63FB}
		{0DDAFF0B-8CC6-4765-94FD-4E41A921F708} = {495DAC3C-E458-4EE9-B97B-6D2E6A0A63FB}
	EndGlobalSection
	GlobalSection(ExtensibilityGlobals) = postSolution
		SolutionGuid = {E58792A2-B988-483D-9A3C-F775D27A8405}
	EndGlobalSection
EndGlobal
